// !$*UTF8*$!
{
	archiveVersion = 1;
	classes = {
	};
	objectVersion = 46;
	objects = {

/* Begin PBXBuildFile section */
		2C6E8B8B199A70C700779107 /* AppDelegate.swift in Sources */ = {isa = PBXBuildFile; fileRef = 2C6E8B8A199A70C700779107 /* AppDelegate.swift */; };
		2C6E8B8D199A70C700779107 /* ViewController.swift in Sources */ = {isa = PBXBuildFile; fileRef = 2C6E8B8C199A70C700779107 /* ViewController.swift */; };
		2C6E8B90199A70C700779107 /* Main.storyboard in Resources */ = {isa = PBXBuildFile; fileRef = 2C6E8B8E199A70C700779107 /* Main.storyboard */; };
		2C6E8B92199A70C700779107 /* Images.xcassets in Resources */ = {isa = PBXBuildFile; fileRef = 2C6E8B91199A70C700779107 /* Images.xcassets */; };
		2C6E8B9E199A70C700779107 /* GmSqliteTests.swift in Sources */ = {isa = PBXBuildFile; fileRef = 2C6E8B9D199A70C700779107 /* GmSqliteTests.swift */; };
		2C6E8BAA199A712100779107 /* GmSqlite.swift in Sources */ = {isa = PBXBuildFile; fileRef = 2C6E8BA9199A712100779107 /* GmSqlite.swift */; };
		2C6E8BAB199A712100779107 /* GmSqlite.swift in Sources */ = {isa = PBXBuildFile; fileRef = 2C6E8BA9199A712100779107 /* GmSqlite.swift */; };
		2C6E8BAF199A712D00779107 /* create_table.sql in Resources */ = {isa = PBXBuildFile; fileRef = 2C6E8BAD199A712D00779107 /* create_table.sql */; };
		2C6E8BB0199A712D00779107 /* create_table.sql in Resources */ = {isa = PBXBuildFile; fileRef = 2C6E8BAD199A712D00779107 /* create_table.sql */; };
		2C6E8BB1199A712D00779107 /* test.sqlite3 in Resources */ = {isa = PBXBuildFile; fileRef = 2C6E8BAE199A712D00779107 /* test.sqlite3 */; };
		2C6E8BB2199A712D00779107 /* test.sqlite3 in Resources */ = {isa = PBXBuildFile; fileRef = 2C6E8BAE199A712D00779107 /* test.sqlite3 */; };
		2C6E8BB4199A717C00779107 /* libsqlite3.0.dylib in Frameworks */ = {isa = PBXBuildFile; fileRef = 2C6E8BB3199A717C00779107 /* libsqlite3.0.dylib */; };
		2C6E8BB5199A718700779107 /* libsqlite3.0.dylib in Frameworks */ = {isa = PBXBuildFile; fileRef = 2C6E8BB3199A717C00779107 /* libsqlite3.0.dylib */; };
/* End PBXBuildFile section */

/* Begin PBXContainerItemProxy section */
		2C6E8B98199A70C700779107 /* PBXContainerItemProxy */ = {
			isa = PBXContainerItemProxy;
			containerPortal = 2C6E8B7D199A70C700779107 /* Project object */;
			proxyType = 1;
			remoteGlobalIDString = 2C6E8B84199A70C700779107;
			remoteInfo = GmSqlite;
		};
/* End PBXContainerItemProxy section */

/* Begin PBXFileReference section */
		2C6E8B85199A70C700779107 /* GmSqlite.app */ = {isa = PBXFileReference; explicitFileType = wrapper.application; includeInIndex = 0; path = GmSqlite.app; sourceTree = BUILT_PRODUCTS_DIR; };
		2C6E8B89199A70C700779107 /* Info.plist */ = {isa = PBXFileReference; lastKnownFileType = text.plist.xml; path = Info.plist; sourceTree = "<group>"; };
		2C6E8B8A199A70C700779107 /* AppDelegate.swift */ = {isa = PBXFileReference; lastKnownFileType = sourcecode.swift; path = AppDelegate.swift; sourceTree = "<group>"; };
		2C6E8B8C199A70C700779107 /* ViewController.swift */ = {isa = PBXFileReference; lastKnownFileType = sourcecode.swift; path = ViewController.swift; sourceTree = "<group>"; };
		2C6E8B8F199A70C700779107 /* Base */ = {isa = PBXFileReference; lastKnownFileType = file.storyboard; name = Base; path = Base.lproj/Main.storyboard; sourceTree = "<group>"; };
		2C6E8B91199A70C700779107 /* Images.xcassets */ = {isa = PBXFileReference; lastKnownFileType = folder.assetcatalog; path = Images.xcassets; sourceTree = "<group>"; };
		2C6E8B97199A70C700779107 /* GmSqliteTests.xctest */ = {isa = PBXFileReference; explicitFileType = wrapper.cfbundle; includeInIndex = 0; path = GmSqliteTests.xctest; sourceTree = BUILT_PRODUCTS_DIR; };
		2C6E8B9C199A70C700779107 /* Info.plist */ = {isa = PBXFileReference; lastKnownFileType = text.plist.xml; path = Info.plist; sourceTree = "<group>"; };
		2C6E8B9D199A70C700779107 /* GmSqliteTests.swift */ = {isa = PBXFileReference; lastKnownFileType = sourcecode.swift; path = GmSqliteTests.swift; sourceTree = "<group>"; };
		2C6E8BA8199A712100779107 /* BridgingHeader.h */ = {isa = PBXFileReference; fileEncoding = 4; lastKnownFileType = sourcecode.c.h; path = BridgingHeader.h; sourceTree = "<group>"; };
		2C6E8BA9199A712100779107 /* GmSqlite.swift */ = {isa = PBXFileReference; fileEncoding = 4; lastKnownFileType = sourcecode.swift; path = GmSqlite.swift; sourceTree = "<group>"; };
		2C6E8BAD199A712D00779107 /* create_table.sql */ = {isa = PBXFileReference; fileEncoding = 4; lastKnownFileType = text; path = create_table.sql; sourceTree = "<group>"; };
		2C6E8BAE199A712D00779107 /* test.sqlite3 */ = {isa = PBXFileReference; lastKnownFileType = file; path = test.sqlite3; sourceTree = "<group>"; };
		2C6E8BB3199A717C00779107 /* libsqlite3.0.dylib */ = {isa = PBXFileReference; lastKnownFileType = "compiled.mach-o.dylib"; name = libsqlite3.0.dylib; path = usr/lib/libsqlite3.0.dylib; sourceTree = SDKROOT; };
/* End PBXFileReference section */

/* Begin PBXFrameworksBuildPhase section */
		2C6E8B82199A70C700779107 /* Frameworks */ = {
			isa = PBXFrameworksBuildPhase;
			buildActionMask = 2147483647;
			files = (
				2C6E8BB4199A717C00779107 /* libsqlite3.0.dylib in Frameworks */,
			);
			runOnlyForDeploymentPostprocessing = 0;
		};
		2C6E8B94199A70C700779107 /* Frameworks */ = {
			isa = PBXFrameworksBuildPhase;
			buildActionMask = 2147483647;
			files = (
				2C6E8BB5199A718700779107 /* libsqlite3.0.dylib in Frameworks */,
			);
			runOnlyForDeploymentPostprocessing = 0;
		};
/* End PBXFrameworksBuildPhase section */

/* Begin PBXGroup section */
		2C6E8B7C199A70C700779107 = {
			isa = PBXGroup;
			children = (
				2C6E8BB3199A717C00779107 /* libsqlite3.0.dylib */,
				2C6E8BAC199A712D00779107 /* sample */,
				2C6E8BA7199A712100779107 /* library */,
				2C6E8B87199A70C700779107 /* GmSqlite */,
				2C6E8B9A199A70C700779107 /* GmSqliteTests */,
				2C6E8B86199A70C700779107 /* Products */,
			);
			sourceTree = "<group>";
		};
		2C6E8B86199A70C700779107 /* Products */ = {
			isa = PBXGroup;
			children = (
				2C6E8B85199A70C700779107 /* GmSqlite.app */,
				2C6E8B97199A70C700779107 /* GmSqliteTests.xctest */,
			);
			name = Products;
			sourceTree = "<group>";
		};
		2C6E8B87199A70C700779107 /* GmSqlite */ = {
			isa = PBXGroup;
			children = (
				2C6E8B8A199A70C700779107 /* AppDelegate.swift */,
				2C6E8B8C199A70C700779107 /* ViewController.swift */,
				2C6E8B8E199A70C700779107 /* Main.storyboard */,
				2C6E8B91199A70C700779107 /* Images.xcassets */,
				2C6E8B88199A70C700779107 /* Supporting Files */,
			);
			path = GmSqlite;
			sourceTree = "<group>";
		};
		2C6E8B88199A70C700779107 /* Supporting Files */ = {
			isa = PBXGroup;
			children = (
				2C6E8B89199A70C700779107 /* Info.plist */,
			);
			name = "Supporting Files";
			sourceTree = "<group>";
		};
		2C6E8B9A199A70C700779107 /* GmSqliteTests */ = {
			isa = PBXGroup;
			children = (
				2C6E8B9D199A70C700779107 /* GmSqliteTests.swift */,
				2C6E8B9B199A70C700779107 /* Supporting Files */,
			);
			path = GmSqliteTests;
			sourceTree = "<group>";
		};
		2C6E8B9B199A70C700779107 /* Supporting Files */ = {
			isa = PBXGroup;
			children = (
				2C6E8B9C199A70C700779107 /* Info.plist */,
			);
			name = "Supporting Files";
			sourceTree = "<group>";
		};
		2C6E8BA7199A712100779107 /* library */ = {
			isa = PBXGroup;
			children = (
				2C6E8BA8199A712100779107 /* BridgingHeader.h */,
				2C6E8BA9199A712100779107 /* GmSqlite.swift */,
			);
			name = library;
			path = GmSqlite/library;
			sourceTree = "<group>";
		};
		2C6E8BAC199A712D00779107 /* sample */ = {
			isa = PBXGroup;
			children = (
				2C6E8BAD199A712D00779107 /* create_table.sql */,
				2C6E8BAE199A712D00779107 /* test.sqlite3 */,
			);
			name = sample;
			path = GmSqlite/sample;
			sourceTree = "<group>";
		};
/* End PBXGroup section */

/* Begin PBXNativeTarget section */
		2C6E8B84199A70C700779107 /* GmSqlite */ = {
			isa = PBXNativeTarget;
			buildConfigurationList = 2C6E8BA1199A70C700779107 /* Build configuration list for PBXNativeTarget "GmSqlite" */;
			buildPhases = (
				2C6E8B81199A70C700779107 /* Sources */,
				2C6E8B82199A70C700779107 /* Frameworks */,
				2C6E8B83199A70C700779107 /* Resources */,
			);
			buildRules = (
			);
			dependencies = (
			);
			name = GmSqlite;
			productName = GmSqlite;
			productReference = 2C6E8B85199A70C700779107 /* GmSqlite.app */;
			productType = "com.apple.product-type.application";
		};
		2C6E8B96199A70C700779107 /* GmSqliteTests */ = {
			isa = PBXNativeTarget;
			buildConfigurationList = 2C6E8BA4199A70C700779107 /* Build configuration list for PBXNativeTarget "GmSqliteTests" */;
			buildPhases = (
				2C6E8B93199A70C700779107 /* Sources */,
				2C6E8B94199A70C700779107 /* Frameworks */,
				2C6E8B95199A70C700779107 /* Resources */,
			);
			buildRules = (
			);
			dependencies = (
				2C6E8B99199A70C700779107 /* PBXTargetDependency */,
			);
			name = GmSqliteTests;
			productName = GmSqliteTests;
			productReference = 2C6E8B97199A70C700779107 /* GmSqliteTests.xctest */;
			productType = "com.apple.product-type.bundle.unit-test";
		};
/* End PBXNativeTarget section */

/* Begin PBXProject section */
		2C6E8B7D199A70C700779107 /* Project object */ = {
			isa = PBXProject;
			attributes = {
				LastUpgradeCheck = 0600;
				ORGANIZATIONNAME = "Masamoto Miyata";
				TargetAttributes = {
					2C6E8B84199A70C700779107 = {
						CreatedOnToolsVersion = 6.0;
					};
					2C6E8B96199A70C700779107 = {
						CreatedOnToolsVersion = 6.0;
						TestTargetID = 2C6E8B84199A70C700779107;
					};
				};
			};
			buildConfigurationList = 2C6E8B80199A70C700779107 /* Build configuration list for PBXProject "GmSqlite" */;
			compatibilityVersion = "Xcode 3.2";
			developmentRegion = English;
			hasScannedForEncodings = 0;
			knownRegions = (
				en,
				Base,
			);
			mainGroup = 2C6E8B7C199A70C700779107;
			productRefGroup = 2C6E8B86199A70C700779107 /* Products */;
			projectDirPath = "";
			projectRoot = "";
			targets = (
				2C6E8B84199A70C700779107 /* GmSqlite */,
				2C6E8B96199A70C700779107 /* GmSqliteTests */,
			);
		};
/* End PBXProject section */

/* Begin PBXResourcesBuildPhase section */
		2C6E8B83199A70C700779107 /* Resources */ = {
			isa = PBXResourcesBuildPhase;
			buildActionMask = 2147483647;
			files = (
				2C6E8BAF199A712D00779107 /* create_table.sql in Resources */,
				2C6E8B90199A70C700779107 /* Main.storyboard in Resources */,
				2C6E8B92199A70C700779107 /* Images.xcassets in Resources */,
				2C6E8BB1199A712D00779107 /* test.sqlite3 in Resources */,
			);
			runOnlyForDeploymentPostprocessing = 0;
		};
		2C6E8B95199A70C700779107 /* Resources */ = {
			isa = PBXResourcesBuildPhase;
			buildActionMask = 2147483647;
			files = (
				2C6E8BB0199A712D00779107 /* create_table.sql in Resources */,
				2C6E8BB2199A712D00779107 /* test.sqlite3 in Resources */,
			);
			runOnlyForDeploymentPostprocessing = 0;
		};
/* End PBXResourcesBuildPhase section */

/* Begin PBXSourcesBuildPhase section */
		2C6E8B81199A70C700779107 /* Sources */ = {
			isa = PBXSourcesBuildPhase;
			buildActionMask = 2147483647;
			files = (
				2C6E8BAA199A712100779107 /* GmSqlite.swift in Sources */,
				2C6E8B8D199A70C700779107 /* ViewController.swift in Sources */,
				2C6E8B8B199A70C700779107 /* AppDelegate.swift in Sources */,
			);
			runOnlyForDeploymentPostprocessing = 0;
		};
		2C6E8B93199A70C700779107 /* Sources */ = {
			isa = PBXSourcesBuildPhase;
			buildActionMask = 2147483647;
			files = (
				2C6E8B9E199A70C700779107 /* GmSqliteTests.swift in Sources */,
				2C6E8BAB199A712100779107 /* GmSqlite.swift in Sources */,
			);
			runOnlyForDeploymentPostprocessing = 0;
		};
/* End PBXSourcesBuildPhase section */

/* Begin PBXTargetDependency section */
		2C6E8B99199A70C700779107 /* PBXTargetDependency */ = {
			isa = PBXTargetDependency;
			target = 2C6E8B84199A70C700779107 /* GmSqlite */;
			targetProxy = 2C6E8B98199A70C700779107 /* PBXContainerItemProxy */;
		};
/* End PBXTargetDependency section */

/* Begin PBXVariantGroup section */
		2C6E8B8E199A70C700779107 /* Main.storyboard */ = {
			isa = PBXVariantGroup;
			children = (
				2C6E8B8F199A70C700779107 /* Base */,
			);
			name = Main.storyboard;
			sourceTree = "<group>";
		};
/* End PBXVariantGroup section */

/* Begin XCBuildConfiguration section */
		2C6E8B9F199A70C700779107 /* Debug */ = {
			isa = XCBuildConfiguration;
			buildSettings = {
				ALWAYS_SEARCH_USER_PATHS = NO;
				CLANG_CXX_LANGUAGE_STANDARD = "gnu++0x";
				CLANG_CXX_LIBRARY = "libc++";
				CLANG_ENABLE_MODULES = YES;
				CLANG_ENABLE_OBJC_ARC = YES;
				CLANG_WARN_BOOL_CONVERSION = YES;
				CLANG_WARN_CONSTANT_CONVERSION = YES;
				CLANG_WARN_DIRECT_OBJC_ISA_USAGE = YES_ERROR;
				CLANG_WARN_EMPTY_BODY = YES;
				CLANG_WARN_ENUM_CONVERSION = YES;
				CLANG_WARN_INT_CONVERSION = YES;
				CLANG_WARN_OBJC_ROOT_CLASS = YES_ERROR;
				CLANG_WARN_UNREACHABLE_CODE = YES;
				CLANG_WARN__DUPLICATE_METHOD_MATCH = YES;
				"CODE_SIGN_IDENTITY[sdk=iphoneos*]" = "iPhone Developer";
				COPY_PHASE_STRIP = NO;
				ENABLE_STRICT_OBJC_MSGSEND = YES;
				GCC_C_LANGUAGE_STANDARD = gnu99;
				GCC_DYNAMIC_NO_PIC = NO;
				GCC_OPTIMIZATION_LEVEL = 0;
				GCC_PREPROCESSOR_DEFINITIONS = (
					"DEBUG=1",
					"$(inherited)",
				);
				GCC_SYMBOLS_PRIVATE_EXTERN = NO;
				GCC_WARN_64_TO_32_BIT_CONVERSION = YES;
				GCC_WARN_ABOUT_RETURN_TYPE = YES_ERROR;
				GCC_WARN_UNDECLARED_SELECTOR = YES;
				GCC_WARN_UNINITIALIZED_AUTOS = YES_AGGRESSIVE;
				GCC_WARN_UNUSED_FUNCTION = YES;
				GCC_WARN_UNUSED_VARIABLE = YES;
				IPHONEOS_DEPLOYMENT_TARGET = 8.0;
				MTL_ENABLE_DEBUG_INFO = YES;
				ONLY_ACTIVE_ARCH = YES;
				SDKROOT = iphoneos;
				SWIFT_OPTIMIZATION_LEVEL = "-Onone";
				TARGETED_DEVICE_FAMILY = "1,2";
			};
			name = Debug;
		};
		2C6E8BA0199A70C700779107 /* Release */ = {
			isa = XCBuildConfiguration;
			buildSettings = {
				ALWAYS_SEARCH_USER_PATHS = NO;
				CLANG_CXX_LANGUAGE_STANDARD = "gnu++0x";
				CLANG_CXX_LIBRARY = "libc++";
				CLANG_ENABLE_MODULES = YES;
				CLANG_ENABLE_OBJC_ARC = YES;
				CLANG_WARN_BOOL_CONVERSION = YES;
				CLANG_WARN_CONSTANT_CONVERSION = YES;
				CLANG_WARN_DIRECT_OBJC_ISA_USAGE = YES_ERROR;
				CLANG_WARN_EMPTY_BODY = YES;
				CLANG_WARN_ENUM_CONVERSION = YES;
				CLANG_WARN_INT_CONVERSION = YES;
				CLANG_WARN_OBJC_ROOT_CLASS = YES_ERROR;
				CLANG_WARN_UNREACHABLE_CODE = YES;
				CLANG_WARN__DUPLICATE_METHOD_MATCH = YES;
				"CODE_SIGN_IDENTITY[sdk=iphoneos*]" = "iPhone Developer";
				COPY_PHASE_STRIP = YES;
				ENABLE_NS_ASSERTIONS = NO;
				ENABLE_STRICT_OBJC_MSGSEND = YES;
				GCC_C_LANGUAGE_STANDARD = gnu99;
				GCC_WARN_64_TO_32_BIT_CONVERSION = YES;
				GCC_WARN_ABOUT_RETURN_TYPE = YES_ERROR;
				GCC_WARN_UNDECLARED_SELECTOR = YES;
				GCC_WARN_UNINITIALIZED_AUTOS = YES_AGGRESSIVE;
				GCC_WARN_UNUSED_FUNCTION = YES;
				GCC_WARN_UNUSED_VARIABLE = YES;
				IPHONEOS_DEPLOYMENT_TARGET = 8.0;
				MTL_ENABLE_DEBUG_INFO = NO;
				SDKROOT = iphoneos;
				TARGETED_DEVICE_FAMILY = "1,2";
				VALIDATE_PRODUCT = YES;
			};
			name = Release;
		};
		2C6E8BA2199A70C700779107 /* Debug */ = {
			isa = XCBuildConfiguration;
			buildSettings = {
				ASSETCATALOG_COMPILER_APPICON_NAME = AppIcon;
				ASSETCATALOG_COMPILER_LAUNCHIMAGE_NAME = LaunchImage;
				INFOPLIST_FILE = GmSqlite/Info.plist;
				LD_RUNPATH_SEARCH_PATHS = "$(inherited) @executable_path/Frameworks";
				PRODUCT_NAME = "$(TARGET_NAME)";
				SWIFT_OBJC_BRIDGING_HEADER = GmSqlite/library/BridgingHeader.h;
			};
			name = Debug;
		};
		2C6E8BA3199A70C700779107 /* Release */ = {
			isa = XCBuildConfiguration;
			buildSettings = {
				ASSETCATALOG_COMPILER_APPICON_NAME = AppIcon;
				ASSETCATALOG_COMPILER_LAUNCHIMAGE_NAME = LaunchImage;
				INFOPLIST_FILE = GmSqlite/Info.plist;
				LD_RUNPATH_SEARCH_PATHS = "$(inherited) @executable_path/Frameworks";
				PRODUCT_NAME = "$(TARGET_NAME)";
				SWIFT_OBJC_BRIDGING_HEADER = GmSqlite/library/BridgingHeader.h;
			};
			name = Release;
		};
		2C6E8BA5199A70C700779107 /* Debug */ = {
			isa = XCBuildConfiguration;
			buildSettings = {
				BUNDLE_LOADER = "$(BUILT_PRODUCTS_DIR)/GmSqlite.app/GmSqlite";
				FRAMEWORK_SEARCH_PATHS = (
					"$(SDKROOT)/Developer/Library/Frameworks",
					"$(inherited)",
				);
				GCC_PREPROCESSOR_DEFINITIONS = (
					"DEBUG=1",
					"$(inherited)",
				);
				INFOPLIST_FILE = GmSqliteTests/Info.plist;
				LD_RUNPATH_SEARCH_PATHS = "$(inherited) @executable_path/Frameworks @loader_path/Frameworks";
				PRODUCT_NAME = "$(TARGET_NAME)";
				SWIFT_OBJC_BRIDGING_HEADER = GmSqlite/library/BridgingHeader.h;
				TEST_HOST = "$(BUNDLE_LOADER)";
			};
			name = Debug;
		};
		2C6E8BA6199A70C700779107 /* Release */ = {
			isa = XCBuildConfiguration;
			buildSettings = {
				BUNDLE_LOADER = "$(BUILT_PRODUCTS_DIR)/GmSqlite.app/GmSqlite";
				FRAMEWORK_SEARCH_PATHS = (
					"$(SDKROOT)/Developer/Library/Frameworks",
					"$(inherited)",
				);
				INFOPLIST_FILE = GmSqliteTests/Info.plist;
				LD_RUNPATH_SEARCH_PATHS = "$(inherited) @executable_path/Frameworks @loader_path/Frameworks";
				PRODUCT_NAME = "$(TARGET_NAME)";
				SWIFT_OBJC_BRIDGING_HEADER = GmSqlite/library/BridgingHeader.h;
				TEST_HOST = "$(BUNDLE_LOADER)";
			};
			name = Release;
		};
/* End XCBuildConfiguration section */

/* Begin XCConfigurationList section */
		2C6E8B80199A70C700779107 /* Build configuration list for PBXProject "GmSqlite" */ = {
			isa = XCConfigurationList;
			buildConfigurations = (
				2C6E8B9F199A70C700779107 /* Debug */,
				2C6E8BA0199A70C700779107 /* Release */,
			);
			defaultConfigurationIsVisible = 0;
			defaultConfigurationName = Release;
		};
		2C6E8BA1199A70C700779107 /* Build configuration list for PBXNativeTarget "GmSqlite" */ = {
			isa = XCConfigurationList;
			buildConfigurations = (
				2C6E8BA2199A70C700779107 /* Debug */,
				2C6E8BA3199A70C700779107 /* Release */,
			);
			defaultConfigurationIsVisible = 0;
		};
		2C6E8BA4199A70C700779107 /* Build configuration list for PBXNativeTarget "GmSqliteTests" */ = {
			isa = XCConfigurationList;
			buildConfigurations = (
				2C6E8BA5199A70C700779107 /* Debug */,
				2C6E8BA6199A70C700779107 /* Release */,
			);
			defaultConfigurationIsVisible = 0;
		};
/* End XCConfigurationList section */
	};
	rootObject = 2C6E8B7D199A70C700779107 /* Project object */;
}
